
Microsoft Visual Studio Solution File, Format Version 12.00
# Visual Studio Version 17
VisualStudioVersion = 17.1.32421.90
MinimumVisualStudioVersion = 10.0.40219.1
Project("{FAE04EC0-301F-11D3-BF4B-00C04F79EFBC}") = "EntityRepoBuilder", "EntityRepoBuilder\EntityRepoBuilder.csproj", "{2DD26EEA-EB1F-49BA-BFF0-6AE3B1DBA9EE}"
EndProject
Global
	GlobalSection(SolutionConfigurationPlatforms) = preSolution
		Debug|Any CPU = Debug|Any CPU
		Release|Any CPU = Release|Any CPU
	EndGlobalSection
	GlobalSection(ProjectConfigurationPlatforms) = postSolution
		{2DD26EEA-EB1F-49BA-BFF0-6AE3B1DBA9EE}.Debug|Any CPU.ActiveCfg = Debug|Any CPU
		{2DD26EEA-EB1F-49BA-BFF0-6AE3B1DBA9EE}.Debug|Any CPU.Build.0 = Debug|Any CPU
		{2DD26EEA-EB1F-49BA-BFF0-6AE3B1DBA9EE}.Release|Any CPU.ActiveCfg = Release|Any CPU
		{2DD26EEA-EB1F-49BA-BFF0-6AE3B1DBA9EE}.Release|Any CPU.Build.0 = Release|Any CPU
	EndGlobalSection
	GlobalSection(SolutionProperties) = preSolution
		HideSolutionNode = FALSE
	EndGlobalSection
	GlobalSection(ExtensibilityGlobals) = postSolution
		SolutionGuid = {00DBAE77-AD96-4191-B226-6F8C3ED75B48}
	EndGlobalSection
EndGlobal
